
Microsoft Visual Studio Solution File, Format Version 12.00
# Visual Studio Version 16
VisualStudioVersion = 16.0.30413.136
MinimumVisualStudioVersion = 10.0.40219.1
Project("{FAE04EC0-301F-11D3-BF4B-00C04F79EFBC}") = "AuthenticationService", "AuthenticationService\AuthenticationService.csproj", "{D99AC548-B575-46F6-A6B4-B7E3F8B2E5FC}"
EndProject
Global
	GlobalSection(SolutionConfigurationPlatforms) = preSolution
		Debug|Any CPU = Debug|Any CPU
		Release|Any CPU = Release|Any CPU
	EndGlobalSection
	GlobalSection(ProjectConfigurationPlatforms) = postSolution
		{D99AC548-B575-46F6-A6B4-B7E3F8B2E5FC}.Debug|Any CPU.ActiveCfg = Debug|Any CPU
		{D99AC548-B575-46F6-A6B4-B7E3F8B2E5FC}.Debug|Any CPU.Build.0 = Debug|Any CPU
		{D99AC548-B575-46F6-A6B4-B7E3F8B2E5FC}.Release|Any CPU.ActiveCfg = Release|Any CPU
		{D99AC548-B575-46F6-A6B4-B7E3F8B2E5FC}.Release|Any CPU.Build.0 = Release|Any CPU
	EndGlobalSection
	GlobalSection(SolutionProperties) = preSolution
		HideSolutionNode = FALSE
	EndGlobalSection
	GlobalSection(ExtensibilityGlobals) = postSolution
		SolutionGuid = {7D47078F-F006-42CD-968F-8CDF214465A4}
	EndGlobalSection
EndGlobal
